
Microsoft Visual Studio Solution File, Format Version 12.00
# Visual Studio Version 16
VisualStudioVersion = 16.0.29806.167
MinimumVisualStudioVersion = 10.0.40219.1
Project("{FAE04EC0-301F-11D3-BF4B-00C04F79EFBC}") = "raysh.io.strategy_api", "raysh.io.strategy_api.csproj", "{9EF26F12-5EDF-4581-9658-EA96B0F9A5B9}"
EndProject
Project("{FAE04EC0-301F-11D3-BF4B-00C04F79EFBC}") = "raysh.io.strategy_api_test", "..\raysh.io.strategy_api_test\raysh.io.strategy_api_test.csproj", "{C9D53770-9027-4426-9057-590950BC0109}"
EndProject
Global
	GlobalSection(SolutionConfigurationPlatforms) = preSolution
		Debug|Any CPU = Debug|Any CPU
		Release|Any CPU = Release|Any CPU
	EndGlobalSection
	GlobalSection(ProjectConfigurationPlatforms) = postSolution
		{9EF26F12-5EDF-4581-9658-EA96B0F9A5B9}.Debug|Any CPU.ActiveCfg = Debug|Any CPU
		{9EF26F12-5EDF-4581-9658-EA96B0F9A5B9}.Debug|Any CPU.Build.0 = Debug|Any CPU
		{9EF26F12-5EDF-4581-9658-EA96B0F9A5B9}.Release|Any CPU.ActiveCfg = Release|Any CPU
		{9EF26F12-5EDF-4581-9658-EA96B0F9A5B9}.Release|Any CPU.Build.0 = Release|Any CPU
		{C9D53770-9027-4426-9057-590950BC0109}.Debug|Any CPU.ActiveCfg = Debug|Any CPU
		{C9D53770-9027-4426-9057-590950BC0109}.Debug|Any CPU.Build.0 = Debug|Any CPU
		{C9D53770-9027-4426-9057-590950BC0109}.Release|Any CPU.ActiveCfg = Release|Any CPU
		{C9D53770-9027-4426-9057-590950BC0109}.Release|Any CPU.Build.0 = Release|Any CPU
	EndGlobalSection
	GlobalSection(SolutionProperties) = preSolution
		HideSolutionNode = FALSE
	EndGlobalSection
	GlobalSection(ExtensibilityGlobals) = postSolution
		SolutionGuid = {EC9392D2-4004-4165-83A2-15F4E15F1D6E}
	EndGlobalSection
EndGlobal
